// !$*UTF8*$!
{
	archiveVersion = 1;
	classes = {
	};
	objectVersion = 56;
	objects = {

/* Begin PBXBuildFile section */
		1B20D5A52B95E0C200226D4E /* Avito_startView.swift in Sources */ = {isa = PBXBuildFile; fileRef = 1B20D5A42B95E0C200226D4E /* Avito_startView.swift */; };
		1B20D5A72B95E0C200226D4E /* ContentView.swift in Sources */ = {isa = PBXBuildFile; fileRef = 1B20D5A62B95E0C200226D4E /* ContentView.swift */; };
		1B20D5A92B95E0C300226D4E /* Assets.xcassets in Resources */ = {isa = PBXBuildFile; fileRef = 1B20D5A82B95E0C300226D4E /* Assets.xcassets */; };
		1B20D5CF2B95E0D200226D4E /* AvitoViewModel.swift in Sources */ = {isa = PBXBuildFile; fileRef = 1B20D5CE2B95E0D200226D4E /* AvitoViewModel.swift */; };
		1B20D5D12B95E26100226D4E /* avito.json in Resources */ = {isa = PBXBuildFile; fileRef = 1B20D5D02B95E26000226D4E /* avito.json */; };
		1B20D5D32B95E5B500226D4E /* FeatchData.swift in Sources */ = {isa = PBXBuildFile; fileRef = 1B20D5D22B95E5B500226D4E /* FeatchData.swift */; };
		1B20D5D72B9602C200226D4E /* AvitoCartView.swift in Sources */ = {isa = PBXBuildFile; fileRef = 1B20D5D62B9602C200226D4E /* AvitoCartView.swift */; };
		1B20D5DD2B972E7800226D4E /* ActionButtonView.swift in Sources */ = {isa = PBXBuildFile; fileRef = 1B20D5DC2B972E7800226D4E /* ActionButtonView.swift */; };
/* End PBXBuildFile section */

/* Begin PBXContainerItemProxy section */
		1B20D5B22B95E0C300226D4E /* PBXContainerItemProxy */ = {
			isa = PBXContainerItemProxy;
			containerPortal = 1B20D5992B95E0C200226D4E /* Project object */;
			proxyType = 1;
			remoteGlobalIDString = 1B20D5A02B95E0C200226D4E;
			remoteInfo = "Avito test";
		};
		1B20D5BC2B95E0C300226D4E /* PBXContainerItemProxy */ = {
			isa = PBXContainerItemProxy;
			containerPortal = 1B20D5992B95E0C200226D4E /* Project object */;
			proxyType = 1;
			remoteGlobalIDString = 1B20D5A02B95E0C200226D4E;
			remoteInfo = "Avito test";
		};
/* End PBXContainerItemProxy section */

/* Begin PBXFileReference section */
		1B20D5A12B95E0C200226D4E /* Avito test.app */ = {isa = PBXFileReference; explicitFileType = wrapper.application; includeInIndex = 0; path = "Avito test.app"; sourceTree = BUILT_PRODUCTS_DIR; };
		1B20D5A42B95E0C200226D4E /* Avito_startView.swift */ = {isa = PBXFileReference; lastKnownFileType = sourcecode.swift; path = Avito_startView.swift; sourceTree = "<group>"; };
		1B20D5A62B95E0C200226D4E /* ContentView.swift */ = {isa = PBXFileReference; lastKnownFileType = sourcecode.swift; path = ContentView.swift; sourceTree = "<group>"; };
		1B20D5A82B95E0C300226D4E /* Assets.xcassets */ = {isa = PBXFileReference; lastKnownFileType = folder.assetcatalog; path = Assets.xcassets; sourceTree = "<group>"; };
		1B20D5B12B95E0C300226D4E /* Avito testTests.xctest */ = {isa = PBXFileReference; explicitFileType = wrapper.cfbundle; includeInIndex = 0; path = "Avito testTests.xctest"; sourceTree = BUILT_PRODUCTS_DIR; };
		1B20D5BB2B95E0C300226D4E /* Avito testUITests.xctest */ = {isa = PBXFileReference; explicitFileType = wrapper.cfbundle; includeInIndex = 0; path = "Avito testUITests.xctest"; sourceTree = BUILT_PRODUCTS_DIR; };
		1B20D5CE2B95E0D200226D4E /* AvitoViewModel.swift */ = {isa = PBXFileReference; lastKnownFileType = sourcecode.swift; path = AvitoViewModel.swift; sourceTree = "<group>"; };
		1B20D5D02B95E26000226D4E /* avito.json */ = {isa = PBXFileReference; fileEncoding = 4; lastKnownFileType = text.json; path = avito.json; sourceTree = "<group>"; };
		1B20D5D22B95E5B500226D4E /* FeatchData.swift */ = {isa = PBXFileReference; lastKnownFileType = sourcecode.swift; path = FeatchData.swift; sourceTree = "<group>"; };
		1B20D5D62B9602C200226D4E /* AvitoCartView.swift */ = {isa = PBXFileReference; lastKnownFileType = sourcecode.swift; path = AvitoCartView.swift; sourceTree = "<group>"; };
		1B20D5DC2B972E7800226D4E /* ActionButtonView.swift */ = {isa = PBXFileReference; lastKnownFileType = sourcecode.swift; path = ActionButtonView.swift; sourceTree = "<group>"; };
/* End PBXFileReference section */

/* Begin PBXFrameworksBuildPhase section */
		1B20D59E2B95E0C200226D4E /* Frameworks */ = {
			isa = PBXFrameworksBuildPhase;
			buildActionMask = 2147483647;
			files = (
			);
			runOnlyForDeploymentPostprocessing = 0;
		};
		1B20D5AE2B95E0C300226D4E /* Frameworks */ = {
			isa = PBXFrameworksBuildPhase;
			buildActionMask = 2147483647;
			files = (
			);
			runOnlyForDeploymentPostprocessing = 0;
		};
		1B20D5B82B95E0C300226D4E /* Frameworks */ = {
			isa = PBXFrameworksBuildPhase;
			buildActionMask = 2147483647;
			files = (
			);
			runOnlyForDeploymentPostprocessing = 0;
		};
/* End PBXFrameworksBuildPhase section */

/* Begin PBXGroup section */
		1B20D5982B95E0C200226D4E = {
			isa = PBXGroup;
			children = (
				1B20D5A32B95E0C200226D4E /* Avito test */,
				1B20D5A22B95E0C200226D4E /* Products */,
			);
			sourceTree = "<group>";
		};
		1B20D5A22B95E0C200226D4E /* Products */ = {
			isa = PBXGroup;
			children = (
				1B20D5A12B95E0C200226D4E /* Avito test.app */,
				1B20D5B12B95E0C300226D4E /* Avito testTests.xctest */,
				1B20D5BB2B95E0C300226D4E /* Avito testUITests.xctest */,
			);
			name = Products;
			sourceTree = "<group>";
		};
		1B20D5A32B95E0C200226D4E /* Avito test */ = {
			isa = PBXGroup;
			children = (
				1BC6AAE52BC0223C0056FFF5 /* Preview Content */,
				1BC6AAE32BC01DE20056FFF5 /* View */,
				1B20D5A42B95E0C200226D4E /* Avito_startView.swift */,
				1B20D5A62B95E0C200226D4E /* ContentView.swift */,
				1B20D5D62B9602C200226D4E /* AvitoCartView.swift */,
				1BC6AAE22BC01DCD0056FFF5 /* Helper */,
				1BC6AAE12BC01DAB0056FFF5 /* Data */,
				1BC6AAE02BC01D9C0056FFF5 /* Assets */,
			);
			path = "Avito test";
			sourceTree = "<group>";
		};
		1BC6AAE02BC01D9C0056FFF5 /* Assets */ = {
			isa = PBXGroup;
			children = (
				1B20D5A82B95E0C300226D4E /* Assets.xcassets */,
			);
			path = Assets;
			sourceTree = "<group>";
		};
		1BC6AAE12BC01DAB0056FFF5 /* Data */ = {
			isa = PBXGroup;
			children = (
				1B20D5CE2B95E0D200226D4E /* AvitoViewModel.swift */,
				1B20D5D02B95E26000226D4E /* avito.json */,
				1B20D5D22B95E5B500226D4E /* FeatchData.swift */,
			);
			path = Data;
			sourceTree = "<group>";
		};
		1BC6AAE22BC01DCD0056FFF5 /* Helper */ = {
			isa = PBXGroup;
			children = (
				1B20D5DC2B972E7800226D4E /* ActionButtonView.swift */,
			);
			path = Helper;
			sourceTree = "<group>";
		};
		1BC6AAE32BC01DE20056FFF5 /* View */ = {
			isa = PBXGroup;
			children = (
			);
			path = View;
			sourceTree = "<group>";
		};
		1BC6AAE52BC0223C0056FFF5 /* Preview Content */ = {
			isa = PBXGroup;
			children = (
			);
			path = "Preview Content";
			sourceTree = "<group>";
		};
/* End PBXGroup section */

/* Begin PBXNativeTarget section */
		1B20D5A02B95E0C200226D4E /* Avito test */ = {
			isa = PBXNativeTarget;
			buildConfigurationList = 1B20D5C52B95E0C300226D4E /* Build configuration list for PBXNativeTarget "Avito test" */;
			buildPhases = (
				1B20D59D2B95E0C200226D4E /* Sources */,
				1B20D59E2B95E0C200226D4E /* Frameworks */,
				1B20D59F2B95E0C200226D4E /* Resources */,
			);
			buildRules = (
			);
			dependencies = (
			);
			name = "Avito test";
			productName = "Avito test";
			productReference = 1B20D5A12B95E0C200226D4E /* Avito test.app */;
			productType = "com.apple.product-type.application";
		};
		1B20D5B02B95E0C300226D4E /* Avito testTests */ = {
			isa = PBXNativeTarget;
			buildConfigurationList = 1B20D5C82B95E0C300226D4E /* Build configuration list for PBXNativeTarget "Avito testTests" */;
			buildPhases = (
				1B20D5AD2B95E0C300226D4E /* Sources */,
				1B20D5AE2B95E0C300226D4E /* Frameworks */,
				1B20D5AF2B95E0C300226D4E /* Resources */,
			);
			buildRules = (
			);
			dependencies = (
				1B20D5B32B95E0C300226D4E /* PBXTargetDependency */,
			);
			name = "Avito testTests";
			productName = "Avito testTests";
			productReference = 1B20D5B12B95E0C300226D4E /* Avito testTests.xctest */;
			productType = "com.apple.product-type.bundle.unit-test";
		};
		1B20D5BA2B95E0C300226D4E /* Avito testUITests */ = {
			isa = PBXNativeTarget;
			buildConfigurationList = 1B20D5CB2B95E0C300226D4E /* Build configuration list for PBXNativeTarget "Avito testUITests" */;
			buildPhases = (
				1B20D5B72B95E0C300226D4E /* Sources */,
				1B20D5B82B95E0C300226D4E /* Frameworks */,
				1B20D5B92B95E0C300226D4E /* Resources */,
			);
			buildRules = (
			);
			dependencies = (
				1B20D5BD2B95E0C300226D4E /* PBXTargetDependency */,
			);
			name = "Avito testUITests";
			productName = "Avito testUITests";
			productReference = 1B20D5BB2B95E0C300226D4E /* Avito testUITests.xctest */;
			productType = "com.apple.product-type.bundle.ui-testing";
		};
/* End PBXNativeTarget section */

/* Begin PBXProject section */
		1B20D5992B95E0C200226D4E /* Project object */ = {
			isa = PBXProject;
			attributes = {
				BuildIndependentTargetsInParallel = 1;
				LastSwiftUpdateCheck = 1430;
				LastUpgradeCheck = 1430;
				TargetAttributes = {
					1B20D5A02B95E0C200226D4E = {
						CreatedOnToolsVersion = 14.3.1;
					};
					1B20D5B02B95E0C300226D4E = {
						CreatedOnToolsVersion = 14.3.1;
						TestTargetID = 1B20D5A02B95E0C200226D4E;
					};
					1B20D5BA2B95E0C300226D4E = {
						CreatedOnToolsVersion = 14.3.1;
						TestTargetID = 1B20D5A02B95E0C200226D4E;
					};
				};
			};
			buildConfigurationList = 1B20D59C2B95E0C200226D4E /* Build configuration list for PBXProject "Avito test" */;
			compatibilityVersion = "Xcode 14.0";
			developmentRegion = en;
			hasScannedForEncodings = 0;
			knownRegions = (
				en,
				Base,
			);
			mainGroup = 1B20D5982B95E0C200226D4E;
			productRefGroup = 1B20D5A22B95E0C200226D4E /* Products */;
			projectDirPath = "";
			projectRoot = "";
			targets = (
				1B20D5A02B95E0C200226D4E /* Avito test */,
				1B20D5B02B95E0C300226D4E /* Avito testTests */,
				1B20D5BA2B95E0C300226D4E /* Avito testUITests */,
			);
		};
/* End PBXProject section */

/* Begin PBXResourcesBuildPhase section */
		1B20D59F2B95E0C200226D4E /* Resources */ = {
			isa = PBXResourcesBuildPhase;
			buildActionMask = 2147483647;
			files = (
				1B20D5D12B95E26100226D4E /* avito.json in Resources */,
				1B20D5A92B95E0C300226D4E /* Assets.xcassets in Resources */,
			);
			runOnlyForDeploymentPostprocessing = 0;
		};
		1B20D5AF2B95E0C300226D4E /* Resources */ = {
			isa = PBXResourcesBuildPhase;
			buildActionMask = 2147483647;
			files = (
			);
			runOnlyForDeploymentPostprocessing = 0;
		};
		1B20D5B92B95E0C300226D4E /* Resources */ = {
			isa = PBXResourcesBuildPhase;
			buildActionMask = 2147483647;
			files = (
			);
			runOnlyForDeploymentPostprocessing = 0;
		};
/* End PBXResourcesBuildPhase section */

/* Begin PBXSourcesBuildPhase section */
		1B20D59D2B95E0C200226D4E /* Sources */ = {
			isa = PBXSourcesBuildPhase;
			buildActionMask = 2147483647;
			files = (
				1B20D5D72B9602C200226D4E /* AvitoCartView.swift in Sources */,
				1B20D5DD2B972E7800226D4E /* ActionButtonView.swift in Sources */,
				1B20D5D32B95E5B500226D4E /* FeatchData.swift in Sources */,
				1B20D5A72B95E0C200226D4E /* ContentView.swift in Sources */,
				1B20D5CF2B95E0D200226D4E /* AvitoViewModel.swift in Sources */,
				1B20D5A52B95E0C200226D4E /* Avito_startView.swift in Sources */,
			);
			runOnlyForDeploymentPostprocessing = 0;
		};
		1B20D5AD2B95E0C300226D4E /* Sources */ = {
			isa = PBXSourcesBuildPhase;
			buildActionMask = 2147483647;
			files = (
			);
			runOnlyForDeploymentPostprocessing = 0;
		};
		1B20D5B72B95E0C300226D4E /* Sources */ = {
			isa = PBXSourcesBuildPhase;
			buildActionMask = 2147483647;
			files = (
			);
			runOnlyForDeploymentPostprocessing = 0;
		};
/* End PBXSourcesBuildPhase section */

/* Begin PBXTargetDependency section */
		1B20D5B32B95E0C300226D4E /* PBXTargetDependency */ = {
			isa = PBXTargetDependency;
			target = 1B20D5A02B95E0C200226D4E /* Avito test */;
			targetProxy = 1B20D5B22B95E0C300226D4E /* PBXContainerItemProxy */;
		};
		1B20D5BD2B95E0C300226D4E /* PBXTargetDependency */ = {
			isa = PBXTargetDependency;
			target = 1B20D5A02B95E0C200226D4E /* Avito test */;
			targetProxy = 1B20D5BC2B95E0C300226D4E /* PBXContainerItemProxy */;
		};
/* End PBXTargetDependency section */

/* Begin XCBuildConfiguration section */
		1B20D5C32B95E0C300226D4E /* Debug */ = {
			isa = XCBuildConfiguration;
			buildSettings = {
				ALWAYS_SEARCH_USER_PATHS = NO;
				CLANG_ANALYZER_NONNULL = YES;
				CLANG_ANALYZER_NUMBER_OBJECT_CONVERSION = YES_AGGRESSIVE;
				CLANG_CXX_LANGUAGE_STANDARD = "gnu++20";
				CLANG_ENABLE_MODULES = YES;
				CLANG_ENABLE_OBJC_ARC = YES;
				CLANG_ENABLE_OBJC_WEAK = YES;
				CLANG_WARN_BLOCK_CAPTURE_AUTORELEASING = YES;
				CLANG_WARN_BOOL_CONVERSION = YES;
				CLANG_WARN_COMMA = YES;
				CLANG_WARN_CONSTANT_CONVERSION = YES;
				CLANG_WARN_DEPRECATED_OBJC_IMPLEMENTATIONS = YES;
				CLANG_WARN_DIRECT_OBJC_ISA_USAGE = YES_ERROR;
				CLANG_WARN_DOCUMENTATION_COMMENTS = YES;
				CLANG_WARN_EMPTY_BODY = YES;
				CLANG_WARN_ENUM_CONVERSION = YES;
				CLANG_WARN_INFINITE_RECURSION = YES;
				CLANG_WARN_INT_CONVERSION = YES;
				CLANG_WARN_NON_LITERAL_NULL_CONVERSION = YES;
				CLANG_WARN_OBJC_IMPLICIT_RETAIN_SELF = YES;
				CLANG_WARN_OBJC_LITERAL_CONVERSION = YES;
				CLANG_WARN_OBJC_ROOT_CLASS = YES_ERROR;
				CLANG_WARN_QUOTED_INCLUDE_IN_FRAMEWORK_HEADER = YES;
				CLANG_WARN_RANGE_LOOP_ANALYSIS = YES;
				CLANG_WARN_STRICT_PROTOTYPES = YES;
				CLANG_WARN_SUSPICIOUS_MOVE = YES;
				CLANG_WARN_UNGUARDED_AVAILABILITY = YES_AGGRESSIVE;
				CLANG_WARN_UNREACHABLE_CODE = YES;
				CLANG_WARN__DUPLICATE_METHOD_MATCH = YES;
				COPY_PHASE_STRIP = NO;
				DEBUG_INFORMATION_FORMAT = dwarf;
				ENABLE_STRICT_OBJC_MSGSEND = YES;
				ENABLE_TESTABILITY = YES;
				GCC_C_LANGUAGE_STANDARD = gnu11;
				GCC_DYNAMIC_NO_PIC = NO;
				GCC_NO_COMMON_BLOCKS = YES;
				GCC_OPTIMIZATION_LEVEL = 0;
				GCC_PREPROCESSOR_DEFINITIONS = (
					"DEBUG=1",
					"$(inherited)",
				);
				GCC_WARN_64_TO_32_BIT_CONVERSION = YES;
				GCC_WARN_ABOUT_RETURN_TYPE = YES_ERROR;
				GCC_WARN_UNDECLARED_SELECTOR = YES;
				GCC_WARN_UNINITIALIZED_AUTOS = YES_AGGRESSIVE;
				GCC_WARN_UNUSED_FUNCTION = YES;
				GCC_WARN_UNUSED_VARIABLE = YES;
				IPHONEOS_DEPLOYMENT_TARGET = 16.4;
				MTL_ENABLE_DEBUG_INFO = INCLUDE_SOURCE;
				MTL_FAST_MATH = YES;
				ONLY_ACTIVE_ARCH = YES;
				SDKROOT = iphoneos;
				SWIFT_ACTIVE_COMPILATION_CONDITIONS = DEBUG;
				SWIFT_OPTIMIZATION_LEVEL = "-Onone";
			};
			name = Debug;
		};
		1B20D5C42B95E0C300226D4E /* Release */ = {
			isa = XCBuildConfiguration;
			buildSettings = {
				ALWAYS_SEARCH_USER_PATHS = NO;
				CLANG_ANALYZER_NONNULL = YES;
				CLANG_ANALYZER_NUMBER_OBJECT_CONVERSION = YES_AGGRESSIVE;
				CLANG_CXX_LANGUAGE_STANDARD = "gnu++20";
				CLANG_ENABLE_MODULES = YES;
				CLANG_ENABLE_OBJC_ARC = YES;
				CLANG_ENABLE_OBJC_WEAK = YES;
				CLANG_WARN_BLOCK_CAPTURE_AUTORELEASING = YES;
				CLANG_WARN_BOOL_CONVERSION = YES;
				CLANG_WARN_COMMA = YES;
				CLANG_WARN_CONSTANT_CONVERSION = YES;
				CLANG_WARN_DEPRECATED_OBJC_IMPLEMENTATIONS = YES;
				CLANG_WARN_DIRECT_OBJC_ISA_USAGE = YES_ERROR;
				CLANG_WARN_DOCUMENTATION_COMMENTS = YES;
				CLANG_WARN_EMPTY_BODY = YES;
				CLANG_WARN_ENUM_CONVERSION = YES;
				CLANG_WARN_INFINITE_RECURSION = YES;
				CLANG_WARN_INT_CONVERSION = YES;
				CLANG_WARN_NON_LITERAL_NULL_CONVERSION = YES;
				CLANG_WARN_OBJC_IMPLICIT_RETAIN_SELF = YES;
				CLANG_WARN_OBJC_LITERAL_CONVERSION = YES;
				CLANG_WARN_OBJC_ROOT_CLASS = YES_ERROR;
				CLANG_WARN_QUOTED_INCLUDE_IN_FRAMEWORK_HEADER = YES;
				CLANG_WARN_RANGE_LOOP_ANALYSIS = YES;
				CLANG_WARN_STRICT_PROTOTYPES = YES;
				CLANG_WARN_SUSPICIOUS_MOVE = YES;
				CLANG_WARN_UNGUARDED_AVAILABILITY = YES_AGGRESSIVE;
				CLANG_WARN_UNREACHABLE_CODE = YES;
				CLANG_WARN__DUPLICATE_METHOD_MATCH = YES;
				COPY_PHASE_STRIP = NO;
				DEBUG_INFORMATION_FORMAT = "dwarf-with-dsym";
				ENABLE_NS_ASSERTIONS = NO;
				ENABLE_STRICT_OBJC_MSGSEND = YES;
				GCC_C_LANGUAGE_STANDARD = gnu11;
				GCC_NO_COMMON_BLOCKS = YES;
				GCC_WARN_64_TO_32_BIT_CONVERSION = YES;
				GCC_WARN_ABOUT_RETURN_TYPE = YES_ERROR;
				GCC_WARN_UNDECLARED_SELECTOR = YES;
				GCC_WARN_UNINITIALIZED_AUTOS = YES_AGGRESSIVE;
				GCC_WARN_UNUSED_FUNCTION = YES;
				GCC_WARN_UNUSED_VARIABLE = YES;
				IPHONEOS_DEPLOYMENT_TARGET = 16.4;
				MTL_ENABLE_DEBUG_INFO = NO;
				MTL_FAST_MATH = YES;
				SDKROOT = iphoneos;
				SWIFT_COMPILATION_MODE = wholemodule;
				SWIFT_OPTIMIZATION_LEVEL = "-O";
				VALIDATE_PRODUCT = YES;
			};
			name = Release;
		};
		1B20D5C62B95E0C300226D4E /* Debug */ = {
			isa = XCBuildConfiguration;
			buildSettings = {
				ASSETCATALOG_COMPILER_APPICON_NAME = AppIcon;
				ASSETCATALOG_COMPILER_GLOBAL_ACCENT_COLOR_NAME = AccentColor;
				CODE_SIGN_STYLE = Automatic;
				CURRENT_PROJECT_VERSION = 1;
				DEVELOPMENT_ASSET_PATHS = "\"Avito test/Preview Content\"";
				DEVELOPMENT_TEAM = 9UG4J8CC8C;
				ENABLE_PREVIEWS = YES;
				GENERATE_INFOPLIST_FILE = YES;
				INFOPLIST_KEY_UIApplicationSceneManifest_Generation = YES;
				INFOPLIST_KEY_UIApplicationSupportsIndirectInputEvents = YES;
				INFOPLIST_KEY_UILaunchScreen_Generation = YES;
				INFOPLIST_KEY_UISupportedInterfaceOrientations_iPad = "UIInterfaceOrientationPortrait UIInterfaceOrientationPortraitUpsideDown UIInterfaceOrientationLandscapeLeft UIInterfaceOrientationLandscapeRight";
				INFOPLIST_KEY_UISupportedInterfaceOrientations_iPhone = "UIInterfaceOrientationPortrait UIInterfaceOrientationLandscapeLeft UIInterfaceOrientationLandscapeRight";
				LD_RUNPATH_SEARCH_PATHS = (
					"$(inherited)",
					"@executable_path/Frameworks",
				);
				MARKETING_VERSION = 1.0;
				PRODUCT_BUNDLE_IDENTIFIER = "ru.akhmetgarev.Avito-test";
				PRODUCT_NAME = "$(TARGET_NAME)";
				SWIFT_EMIT_LOC_STRINGS = YES;
				SWIFT_VERSION = 5.0;
				TARGETED_DEVICE_FAMILY = "1,2";
			};
			name = Debug;
		};
		1B20D5C72B95E0C300226D4E /* Release */ = {
			isa = XCBuildConfiguration;
			buildSettings = {
				ASSETCATALOG_COMPILER_APPICON_NAME = AppIcon;
				ASSETCATALOG_COMPILER_GLOBAL_ACCENT_COLOR_NAME = AccentColor;
				CODE_SIGN_STYLE = Automatic;
				CURRENT_PROJECT_VERSION = 1;
				DEVELOPMENT_ASSET_PATHS = "\"Avito test/Preview Content\"";
				DEVELOPMENT_TEAM = 9UG4J8CC8C;
				ENABLE_PREVIEWS = YES;
				GENERATE_INFOPLIST_FILE = YES;
				INFOPLIST_KEY_UIApplicationSceneManifest_Generation = YES;
				INFOPLIST_KEY_UIApplicationSupportsIndirectInputEvents = YES;
				INFOPLIST_KEY_UILaunchScreen_Generation = YES;
				INFOPLIST_KEY_UISupportedInterfaceOrientations_iPad = "UIInterfaceOrientationPortrait UIInterfaceOrientationPortraitUpsideDown UIInterfaceOrientationLandscapeLeft UIInterfaceOrientationLandscapeRight";
				INFOPLIST_KEY_UISupportedInterfaceOrientations_iPhone = "UIInterfaceOrientationPortrait UIInterfaceOrientationLandscapeLeft UIInterfaceOrientationLandscapeRight";
				LD_RUNPATH_SEARCH_PATHS = (
					"$(inherited)",
					"@executable_path/Frameworks",
				);
				MARKETING_VERSION = 1.0;
				PRODUCT_BUNDLE_IDENTIFIER = "ru.akhmetgarev.Avito-test";
				PRODUCT_NAME = "$(TARGET_NAME)";
				SWIFT_EMIT_LOC_STRINGS = YES;
				SWIFT_VERSION = 5.0;
				TARGETED_DEVICE_FAMILY = "1,2";
			};
			name = Release;
		};
		1B20D5C92B95E0C300226D4E /* Debug */ = {
			isa = XCBuildConfiguration;
			buildSettings = {
				ALWAYS_EMBED_SWIFT_STANDARD_LIBRARIES = YES;
				BUNDLE_LOADER = "$(TEST_HOST)";
				CODE_SIGN_STYLE = Automatic;
				CURRENT_PROJECT_VERSION = 1;
				DEVELOPMENT_TEAM = 9UG4J8CC8C;
				GENERATE_INFOPLIST_FILE = YES;
				IPHONEOS_DEPLOYMENT_TARGET = 16.4;
				MARKETING_VERSION = 1.0;
				PRODUCT_BUNDLE_IDENTIFIER = "ru.akhmetgarev.Avito-testTests";
				PRODUCT_NAME = "$(TARGET_NAME)";
				SWIFT_EMIT_LOC_STRINGS = NO;
				SWIFT_VERSION = 5.0;
				TARGETED_DEVICE_FAMILY = "1,2";
				TEST_HOST = "$(BUILT_PRODUCTS_DIR)/Avito test.app/$(BUNDLE_EXECUTABLE_FOLDER_PATH)/Avito test";
			};
			name = Debug;
		};
		1B20D5CA2B95E0C300226D4E /* Release */ = {
			isa = XCBuildConfiguration;
			buildSettings = {
				ALWAYS_EMBED_SWIFT_STANDARD_LIBRARIES = YES;
				BUNDLE_LOADER = "$(TEST_HOST)";
				CODE_SIGN_STYLE = Automatic;
				CURRENT_PROJECT_VERSION = 1;
				DEVELOPMENT_TEAM = 9UG4J8CC8C;
				GENERATE_INFOPLIST_FILE = YES;
				IPHONEOS_DEPLOYMENT_TARGET = 16.4;
				MARKETING_VERSION = 1.0;
				PRODUCT_BUNDLE_IDENTIFIER = "ru.akhmetgarev.Avito-testTests";
				PRODUCT_NAME = "$(TARGET_NAME)";
				SWIFT_EMIT_LOC_STRINGS = NO;
				SWIFT_VERSION = 5.0;
				TARGETED_DEVICE_FAMILY = "1,2";
				TEST_HOST = "$(BUILT_PRODUCTS_DIR)/Avito test.app/$(BUNDLE_EXECUTABLE_FOLDER_PATH)/Avito test";
			};
			name = Release;
		};
		1B20D5CC2B95E0C300226D4E /* Debug */ = {
			isa = XCBuildConfiguration;
			buildSettings = {
				ALWAYS_EMBED_SWIFT_STANDARD_LIBRARIES = YES;
				CODE_SIGN_STYLE = Automatic;
				CURRENT_PROJECT_VERSION = 1;
				DEVELOPMENT_TEAM = 9UG4J8CC8C;
				GENERATE_INFOPLIST_FILE = YES;
				MARKETING_VERSION = 1.0;
				PRODUCT_BUNDLE_IDENTIFIER = "ru.akhmetgarev.Avito-testUITests";
				PRODUCT_NAME = "$(TARGET_NAME)";
				SWIFT_EMIT_LOC_STRINGS = NO;
				SWIFT_VERSION = 5.0;
				TARGETED_DEVICE_FAMILY = "1,2";
				TEST_TARGET_NAME = "Avito test";
			};
			name = Debug;
		};
		1B20D5CD2B95E0C300226D4E /* Release */ = {
			isa = XCBuildConfiguration;
			buildSettings = {
				ALWAYS_EMBED_SWIFT_STANDARD_LIBRARIES = YES;
				CODE_SIGN_STYLE = Automatic;
				CURRENT_PROJECT_VERSION = 1;
				DEVELOPMENT_TEAM = 9UG4J8CC8C;
				GENERATE_INFOPLIST_FILE = YES;
				MARKETING_VERSION = 1.0;
				PRODUCT_BUNDLE_IDENTIFIER = "ru.akhmetgarev.Avito-testUITests";
				PRODUCT_NAME = "$(TARGET_NAME)";
				SWIFT_EMIT_LOC_STRINGS = NO;
				SWIFT_VERSION = 5.0;
				TARGETED_DEVICE_FAMILY = "1,2";
				TEST_TARGET_NAME = "Avito test";
			};
			name = Release;
		};
/* End XCBuildConfiguration section */

/* Begin XCConfigurationList section */
		1B20D59C2B95E0C200226D4E /* Build configuration list for PBXProject "Avito test" */ = {
			isa = XCConfigurationList;
			buildConfigurations = (
				1B20D5C32B95E0C300226D4E /* Debug */,
				1B20D5C42B95E0C300226D4E /* Release */,
			);
			defaultConfigurationIsVisible = 0;
			defaultConfigurationName = Release;
		};
		1B20D5C52B95E0C300226D4E /* Build configuration list for PBXNativeTarget "Avito test" */ = {
			isa = XCConfigurationList;
			buildConfigurations = (
				1B20D5C62B95E0C300226D4E /* Debug */,
				1B20D5C72B95E0C300226D4E /* Release */,
			);
			defaultConfigurationIsVisible = 0;
			defaultConfigurationName = Release;
		};
		1B20D5C82B95E0C300226D4E /* Build configuration list for PBXNativeTarget "Avito testTests" */ = {
			isa = XCConfigurationList;
			buildConfigurations = (
				1B20D5C92B95E0C300226D4E /* Debug */,
				1B20D5CA2B95E0C300226D4E /* Release */,
			);
			defaultConfigurationIsVisible = 0;
			defaultConfigurationName = Release;
		};
		1B20D5CB2B95E0C300226D4E /* Build configuration list for PBXNativeTarget "Avito testUITests" */ = {
			isa = XCConfigurationList;
			buildConfigurations = (
				1B20D5CC2B95E0C300226D4E /* Debug */,
				1B20D5CD2B95E0C300226D4E /* Release */,
			);
			defaultConfigurationIsVisible = 0;
			defaultConfigurationName = Release;
		};
/* End XCConfigurationList section */
	};
	rootObject = 1B20D5992B95E0C200226D4E /* Project object */;
}
